// !$*UTF8*$!
{
	archiveVersion = 1;
	classes = {
	};
	objectVersion = 46;
	objects = {

/* Begin PBXBuildFile section */
		AE8DC91C1D87847500FEFB0E /* AppDelegate.swift in Sources */ = {isa = PBXBuildFile; fileRef = AE8DC91B1D87847500FEFB0E /* AppDelegate.swift */; };
		AE8DC91E1D87847500FEFB0E /* ViewController.swift in Sources */ = {isa = PBXBuildFile; fileRef = AE8DC91D1D87847500FEFB0E /* ViewController.swift */; };
		AE8DC9211D87847500FEFB0E /* Main.storyboard in Resources */ = {isa = PBXBuildFile; fileRef = AE8DC91F1D87847500FEFB0E /* Main.storyboard */; };
		AE8DC9231D87847500FEFB0E /* Assets.xcassets in Resources */ = {isa = PBXBuildFile; fileRef = AE8DC9221D87847500FEFB0E /* Assets.xcassets */; };
		AE8DC9261D87847500FEFB0E /* LaunchScreen.storyboard in Resources */ = {isa = PBXBuildFile; fileRef = AE8DC9241D87847500FEFB0E /* LaunchScreen.storyboard */; };
/* End PBXBuildFile section */

/* Begin PBXFileReference section */
		AE8DC9181D87847500FEFB0E /* Download Web Content.app */ = {isa = PBXFileReference; explicitFileType = wrapper.application; includeInIndex = 0; path = "Download Web Content.app"; sourceTree = BUILT_PRODUCTS_DIR; };
		AE8DC91B1D87847500FEFB0E /* AppDelegate.swift */ = {isa = PBXFileReference; lastKnownFileType = sourcecode.swift; path = AppDelegate.swift; sourceTree = "<group>"; };
		AE8DC91D1D87847500FEFB0E /* ViewController.swift */ = {isa = PBXFileReference; lastKnownFileType = sourcecode.swift; path = ViewController.swift; sourceTree = "<group>"; };
		AE8DC9201D87847500FEFB0E /* Base */ = {isa = PBXFileReference; lastKnownFileType = file.storyboard; name = Base; path = Base.lproj/Main.storyboard; sourceTree = "<group>"; };
		AE8DC9221D87847500FEFB0E /* Assets.xcassets */ = {isa = PBXFileReference; lastKnownFileType = folder.assetcatalog; path = Assets.xcassets; sourceTree = "<group>"; };
		AE8DC9251D87847500FEFB0E /* Base */ = {isa = PBXFileReference; lastKnownFileType = file.storyboard; name = Base; path = Base.lproj/LaunchScreen.storyboard; sourceTree = "<group>"; };
		AE8DC9271D87847500FEFB0E /* Info.plist */ = {isa = PBXFileReference; lastKnownFileType = text.plist.xml; path = Info.plist; sourceTree = "<group>"; };
/* End PBXFileReference section */

/* Begin PBXFrameworksBuildPhase section */
		AE8DC9151D87847500FEFB0E /* Frameworks */ = {
			isa = PBXFrameworksBuildPhase;
			buildActionMask = 2147483647;
			files = (
			);
			runOnlyForDeploymentPostprocessing = 0;
		};
/* End PBXFrameworksBuildPhase section */

/* Begin PBXGroup section */
		AE8DC90F1D87847500FEFB0E = {
			isa = PBXGroup;
			children = (
				AE8DC91A1D87847500FEFB0E /* Download Web Content */,
				AE8DC9191D87847500FEFB0E /* Products */,
			);
			sourceTree = "<group>";
		};
		AE8DC9191D87847500FEFB0E /* Products */ = {
			isa = PBXGroup;
			children = (
				AE8DC9181D87847500FEFB0E /* Download Web Content.app */,
			);
			name = Products;
			sourceTree = "<group>";
		};
		AE8DC91A1D87847500FEFB0E /* Download Web Content */ = {
			isa = PBXGroup;
			children = (
				AE8DC91B1D87847500FEFB0E /* AppDelegate.swift */,
				AE8DC91D1D87847500FEFB0E /* ViewController.swift */,
				AE8DC91F1D87847500FEFB0E /* Main.storyboard */,
				AE8DC9221D87847500FEFB0E /* Assets.xcassets */,
				AE8DC9241D87847500FEFB0E /* LaunchScreen.storyboard */,
				AE8DC9271D87847500FEFB0E /* Info.plist */,
			);
			path = "Download Web Content";
			sourceTree = "<group>";
		};
/* End PBXGroup section */

/* Begin PBXNativeTarget section */
		AE8DC9171D87847500FEFB0E /* Download Web Content */ = {
			isa = PBXNativeTarget;
			buildConfigurationList = AE8DC92A1D87847500FEFB0E /* Build configuration list for PBXNativeTarget "Download Web Content" */;
			buildPhases = (
				AE8DC9141D87847500FEFB0E /* Sources */,
				AE8DC9151D87847500FEFB0E /* Frameworks */,
				AE8DC9161D87847500FEFB0E /* Resources */,
			);
			buildRules = (
			);
			dependencies = (
			);
			name = "Download Web Content";
			productName = "Download Web Content";
			productReference = AE8DC9181D87847500FEFB0E /* Download Web Content.app */;
			productType = "com.apple.product-type.application";
		};
/* End PBXNativeTarget section */

/* Begin PBXProject section */
		AE8DC9101D87847500FEFB0E /* Project object */ = {
			isa = PBXProject;
			attributes = {
				LastSwiftUpdateCheck = 0730;
				LastUpgradeCheck = 0730;
				ORGANIZATIONNAME = "Takuya Endo";
				TargetAttributes = {
					AE8DC9171D87847500FEFB0E = {
						CreatedOnToolsVersion = 7.3.1;
						DevelopmentTeam = 4YZQY4C47E;
					};
				};
			};
			buildConfigurationList = AE8DC9131D87847500FEFB0E /* Build configuration list for PBXProject "Download Web Content" */;
			compatibilityVersion = "Xcode 3.2";
			developmentRegion = English;
			hasScannedForEncodings = 0;
			knownRegions = (
				en,
				Base,
			);
			mainGroup = AE8DC90F1D87847500FEFB0E;
			productRefGroup = AE8DC9191D87847500FEFB0E /* Products */;
			projectDirPath = "";
			projectRoot = "";
			targets = (
				AE8DC9171D87847500FEFB0E /* Download Web Content */,
			);
		};
/* End PBXProject section */

/* Begin PBXResourcesBuildPhase section */
		AE8DC9161D87847500FEFB0E /* Resources */ = {
			isa = PBXResourcesBuildPhase;
			buildActionMask = 2147483647;
			files = (
				AE8DC9261D87847500FEFB0E /* LaunchScreen.storyboard in Resources */,
				AE8DC9231D87847500FEFB0E /* Assets.xcassets in Resources */,
				AE8DC9211D87847500FEFB0E /* Main.storyboard in Resources */,
			);
			runOnlyForDeploymentPostprocessing = 0;
		};
/* End PBXResourcesBuildPhase section */

/* Begin PBXSourcesBuildPhase section */
		AE8DC9141D87847500FEFB0E /* Sources */ = {
			isa = PBXSourcesBuildPhase;
			buildActionMask = 2147483647;
			files = (
				AE8DC91E1D87847500FEFB0E /* ViewController.swift in Sources */,
				AE8DC91C1D87847500FEFB0E /* AppDelegate.swift in Sources */,
			);
			runOnlyForDeploymentPostprocessing = 0;
		};
/* End PBXSourcesBuildPhase section */

/* Begin PBXVariantGroup section */
		AE8DC91F1D87847500FEFB0E /* Main.storyboard */ = {
			isa = PBXVariantGroup;
			children = (
				AE8DC9201D87847500FEFB0E /* Base */,
			);
			name = Main.storyboard;
			sourceTree = "<group>";
		};
		AE8DC9241D87847500FEFB0E /* LaunchScreen.storyboard */ = {
			isa = PBXVariantGroup;
			children = (
				AE8DC9251D87847500FEFB0E /* Base */,
			);
			name = LaunchScreen.storyboard;
			sourceTree = "<group>";
		};
/* End PBXVariantGroup section */

/* Begin XCBuildConfiguration section */
		AE8DC9281D87847500FEFB0E /* Debug */ = {
			isa = XCBuildConfiguration;
			buildSettings = {
				ALWAYS_SEARCH_USER_PATHS = NO;
				CLANG_ANALYZER_NONNULL = YES;
				CLANG_CXX_LANGUAGE_STANDARD = "gnu++0x";
				CLANG_CXX_LIBRARY = "libc++";
				CLANG_ENABLE_MODULES = YES;
				CLANG_ENABLE_OBJC_ARC = YES;
				CLANG_WARN_BOOL_CONVERSION = YES;
				CLANG_WARN_CONSTANT_CONVERSION = YES;
				CLANG_WARN_DIRECT_OBJC_ISA_USAGE = YES_ERROR;
				CLANG_WARN_EMPTY_BODY = YES;
				CLANG_WARN_ENUM_CONVERSION = YES;
				CLANG_WARN_INT_CONVERSION = YES;
				CLANG_WARN_OBJC_ROOT_CLASS = YES_ERROR;
				CLANG_WARN_UNREACHABLE_CODE = YES;
				CLANG_WARN__DUPLICATE_METHOD_MATCH = YES;
				"CODE_SIGN_IDENTITY[sdk=iphoneos*]" = "iPhone Developer";
				COPY_PHASE_STRIP = NO;
				DEBUG_INFORMATION_FORMAT = dwarf;
				ENABLE_STRICT_OBJC_MSGSEND = YES;
				ENABLE_TESTABILITY = YES;
				GCC_C_LANGUAGE_STANDARD = gnu99;
				GCC_DYNAMIC_NO_PIC = NO;
				GCC_NO_COMMON_BLOCKS = YES;
				GCC_OPTIMIZATION_LEVEL = 0;
				GCC_PREPROCESSOR_DEFINITIONS = (
					"DEBUG=1",
					"$(inherited)",
				);
				GCC_WARN_64_TO_32_BIT_CONVERSION = YES;
				GCC_WARN_ABOUT_RETURN_TYPE = YES_ERROR;
				GCC_WARN_UNDECLARED_SELECTOR = YES;
				GCC_WARN_UNINITIALIZED_AUTOS = YES_AGGRESSIVE;
				GCC_WARN_UNUSED_FUNCTION = YES;
				GCC_WARN_UNUSED_VARIABLE = YES;
				IPHONEOS_DEPLOYMENT_TARGET = 9.3;
				MTL_ENABLE_DEBUG_INFO = YES;
				ONLY_ACTIVE_ARCH = YES;
				SDKROOT = iphoneos;
				SWIFT_OPTIMIZATION_LEVEL = "-Onone";
			};
			name = Debug;
		};
		AE8DC9291D87847500FEFB0E /* Release */ = {
			isa = XCBuildConfiguration;
			buildSettings = {
				ALWAYS_SEARCH_USER_PATHS = NO;
				CLANG_ANALYZER_NONNULL = YES;
				CLANG_CXX_LANGUAGE_STANDARD = "gnu++0x";
				CLANG_CXX_LIBRARY = "libc++";
				CLANG_ENABLE_MODULES = YES;
				CLANG_ENABLE_OBJC_ARC = YES;
				CLANG_WARN_BOOL_CONVERSION = YES;
				CLANG_WARN_CONSTANT_CONVERSION = YES;
				CLANG_WARN_DIRECT_OBJC_ISA_USAGE = YES_ERROR;
				CLANG_WARN_EMPTY_BODY = YES;
				CLANG_WARN_ENUM_CONVERSION = YES;
				CLANG_WARN_INT_CONVERSION = YES;
				CLANG_WARN_OBJC_ROOT_CLASS = YES_ERROR;
				CLANG_WARN_UNREACHABLE_CODE = YES;
				CLANG_WARN__DUPLICATE_METHOD_MATCH = YES;
				"CODE_SIGN_IDENTITY[sdk=iphoneos*]" = "iPhone Developer";
				COPY_PHASE_STRIP = NO;
				DEBUG_INFORMATION_FORMAT = "dwarf-with-dsym";
				ENABLE_NS_ASSERTIONS = NO;
				ENABLE_STRICT_OBJC_MSGSEND = YES;
				GCC_C_LANGUAGE_STANDARD = gnu99;
				GCC_NO_COMMON_BLOCKS = YES;
				GCC_WARN_64_TO_32_BIT_CONVERSION = YES;
				GCC_WARN_ABOUT_RETURN_TYPE = YES_ERROR;
				GCC_WARN_UNDECLARED_SELECTOR = YES;
				GCC_WARN_UNINITIALIZED_AUTOS = YES_AGGRESSIVE;
				GCC_WARN_UNUSED_FUNCTION = YES;
				GCC_WARN_UNUSED_VARIABLE = YES;
				IPHONEOS_DEPLOYMENT_TARGET = 9.3;
				MTL_ENABLE_DEBUG_INFO = NO;
				SDKROOT = iphoneos;
				VALIDATE_PRODUCT = YES;
			};
			name = Release;
		};
		AE8DC92B1D87847500FEFB0E /* Debug */ = {
			isa = XCBuildConfiguration;
			buildSettings = {
				ASSETCATALOG_COMPILER_APPICON_NAME = AppIcon;
				INFOPLIST_FILE = "Download Web Content/Info.plist";
				LD_RUNPATH_SEARCH_PATHS = "$(inherited) @executable_path/Frameworks";
				PRODUCT_BUNDLE_IDENTIFIER = "entaku.Download-Web-Content";
				PRODUCT_NAME = "$(TARGET_NAME)";
			};
			name = Debug;
		};
		AE8DC92C1D87847500FEFB0E /* Release */ = {
			isa = XCBuildConfiguration;
			buildSettings = {
				ASSETCATALOG_COMPILER_APPICON_NAME = AppIcon;
				INFOPLIST_FILE = "Download Web Content/Info.plist";
				LD_RUNPATH_SEARCH_PATHS = "$(inherited) @executable_path/Frameworks";
				PRODUCT_BUNDLE_IDENTIFIER = "entaku.Download-Web-Content";
				PRODUCT_NAME = "$(TARGET_NAME)";
			};
			name = Release;
		};
/* End XCBuildConfiguration section */

/* Begin XCConfigurationList section */
		AE8DC9131D87847500FEFB0E /* Build configuration list for PBXProject "Download Web Content" */ = {
			isa = XCConfigurationList;
			buildConfigurations = (
				AE8DC9281D87847500FEFB0E /* Debug */,
				AE8DC9291D87847500FEFB0E /* Release */,
			);
			defaultConfigurationIsVisible = 0;
			defaultConfigurationName = Release;
		};
		AE8DC92A1D87847500FEFB0E /* Build configuration list for PBXNativeTarget "Download Web Content" */ = {
			isa = XCConfigurationList;
			buildConfigurations = (
				AE8DC92B1D87847500FEFB0E /* Debug */,
				AE8DC92C1D87847500FEFB0E /* Release */,
			);
			defaultConfigurationIsVisible = 0;
		};
/* End XCConfigurationList section */
	};
	rootObject = AE8DC9101D87847500FEFB0E /* Project object */;
}
