// !$*UTF8*$!
{
	archiveVersion = 1;
	classes = {
	};
	objectVersion = 46;
	objects = {

/* Begin PBXBuildFile section */
		AEFE14BD1D924CC10037C92C /* AppDelegate.swift in Sources */ = {isa = PBXBuildFile; fileRef = AEFE14BC1D924CC10037C92C /* AppDelegate.swift */; };
		AEFE14BF1D924CC10037C92C /* ViewController.swift in Sources */ = {isa = PBXBuildFile; fileRef = AEFE14BE1D924CC10037C92C /* ViewController.swift */; };
		AEFE14C21D924CC10037C92C /* Main.storyboard in Resources */ = {isa = PBXBuildFile; fileRef = AEFE14C01D924CC10037C92C /* Main.storyboard */; };
		AEFE14C41D924CC10037C92C /* Assets.xcassets in Resources */ = {isa = PBXBuildFile; fileRef = AEFE14C31D924CC10037C92C /* Assets.xcassets */; };
		AEFE14C71D924CC10037C92C /* LaunchScreen.storyboard in Resources */ = {isa = PBXBuildFile; fileRef = AEFE14C51D924CC10037C92C /* LaunchScreen.storyboard */; };
		AEFE14D11D924EEA0037C92C /* Landscape.jpeg in Resources */ = {isa = PBXBuildFile; fileRef = AEFE14D01D924EEA0037C92C /* Landscape.jpeg */; };
/* End PBXBuildFile section */

/* Begin PBXFileReference section */
		AEFE14B91D924CC10037C92C /* Whats The Wheather.app */ = {isa = PBXFileReference; explicitFileType = wrapper.application; includeInIndex = 0; path = "Whats The Wheather.app"; sourceTree = BUILT_PRODUCTS_DIR; };
		AEFE14BC1D924CC10037C92C /* AppDelegate.swift */ = {isa = PBXFileReference; lastKnownFileType = sourcecode.swift; path = AppDelegate.swift; sourceTree = "<group>"; };
		AEFE14BE1D924CC10037C92C /* ViewController.swift */ = {isa = PBXFileReference; lastKnownFileType = sourcecode.swift; path = ViewController.swift; sourceTree = "<group>"; };
		AEFE14C11D924CC10037C92C /* Base */ = {isa = PBXFileReference; lastKnownFileType = file.storyboard; name = Base; path = Base.lproj/Main.storyboard; sourceTree = "<group>"; };
		AEFE14C31D924CC10037C92C /* Assets.xcassets */ = {isa = PBXFileReference; lastKnownFileType = folder.assetcatalog; path = Assets.xcassets; sourceTree = "<group>"; };
		AEFE14C61D924CC10037C92C /* Base */ = {isa = PBXFileReference; lastKnownFileType = file.storyboard; name = Base; path = Base.lproj/LaunchScreen.storyboard; sourceTree = "<group>"; };
		AEFE14C81D924CC10037C92C /* Info.plist */ = {isa = PBXFileReference; lastKnownFileType = text.plist.xml; path = Info.plist; sourceTree = "<group>"; };
		AEFE14D01D924EEA0037C92C /* Landscape.jpeg */ = {isa = PBXFileReference; lastKnownFileType = image.jpeg; path = Landscape.jpeg; sourceTree = "<group>"; };
/* End PBXFileReference section */

/* Begin PBXFrameworksBuildPhase section */
		AEFE14B61D924CC10037C92C /* Frameworks */ = {
			isa = PBXFrameworksBuildPhase;
			buildActionMask = 2147483647;
			files = (
			);
			runOnlyForDeploymentPostprocessing = 0;
		};
/* End PBXFrameworksBuildPhase section */

/* Begin PBXGroup section */
		AE559A041D9A6FF10079C017 /* Frameworks */ = {
			isa = PBXGroup;
			children = (
			);
			name = Frameworks;
			sourceTree = "<group>";
		};
		AEFE14B01D924CC10037C92C = {
			isa = PBXGroup;
			children = (
				AEFE14BB1D924CC10037C92C /* Whats The Wheather */,
				AEFE14BA1D924CC10037C92C /* Products */,
				AE559A041D9A6FF10079C017 /* Frameworks */,
			);
			sourceTree = "<group>";
		};
		AEFE14BA1D924CC10037C92C /* Products */ = {
			isa = PBXGroup;
			children = (
				AEFE14B91D924CC10037C92C /* Whats The Wheather.app */,
			);
			name = Products;
			sourceTree = "<group>";
		};
		AEFE14BB1D924CC10037C92C /* Whats The Wheather */ = {
			isa = PBXGroup;
			children = (
				AEFE14BC1D924CC10037C92C /* AppDelegate.swift */,
				AEFE14BE1D924CC10037C92C /* ViewController.swift */,
				AEFE14C01D924CC10037C92C /* Main.storyboard */,
				AEFE14D01D924EEA0037C92C /* Landscape.jpeg */,
				AEFE14C31D924CC10037C92C /* Assets.xcassets */,
				AEFE14C51D924CC10037C92C /* LaunchScreen.storyboard */,
				AEFE14C81D924CC10037C92C /* Info.plist */,
			);
			path = "Whats The Wheather";
			sourceTree = "<group>";
		};
/* End PBXGroup section */

/* Begin PBXNativeTarget section */
		AEFE14B81D924CC10037C92C /* Whats The Wheather */ = {
			isa = PBXNativeTarget;
			buildConfigurationList = AEFE14CB1D924CC10037C92C /* Build configuration list for PBXNativeTarget "Whats The Wheather" */;
			buildPhases = (
				AEFE14B51D924CC10037C92C /* Sources */,
				AEFE14B61D924CC10037C92C /* Frameworks */,
				AEFE14B71D924CC10037C92C /* Resources */,
			);
			buildRules = (
			);
			dependencies = (
			);
			name = "Whats The Wheather";
			productName = "Whats The Wheather";
			productReference = AEFE14B91D924CC10037C92C /* Whats The Wheather.app */;
			productType = "com.apple.product-type.application";
		};
/* End PBXNativeTarget section */

/* Begin PBXProject section */
		AEFE14B11D924CC10037C92C /* Project object */ = {
			isa = PBXProject;
			attributes = {
				LastSwiftUpdateCheck = 0800;
				LastUpgradeCheck = 0800;
				ORGANIZATIONNAME = "遠藤拓弥\b";
				TargetAttributes = {
					AEFE14B81D924CC10037C92C = {
						CreatedOnToolsVersion = 8.0;
						DevelopmentTeam = 4YZQY4C47E;
						LastSwiftMigration = 0800;
						ProvisioningStyle = Automatic;
					};
				};
			};
			buildConfigurationList = AEFE14B41D924CC10037C92C /* Build configuration list for PBXProject "Whats The Wheather" */;
			compatibilityVersion = "Xcode 3.2";
			developmentRegion = English;
			hasScannedForEncodings = 0;
			knownRegions = (
				en,
				Base,
			);
			mainGroup = AEFE14B01D924CC10037C92C;
			productRefGroup = AEFE14BA1D924CC10037C92C /* Products */;
			projectDirPath = "";
			projectRoot = "";
			targets = (
				AEFE14B81D924CC10037C92C /* Whats The Wheather */,
			);
		};
/* End PBXProject section */

/* Begin PBXResourcesBuildPhase section */
		AEFE14B71D924CC10037C92C /* Resources */ = {
			isa = PBXResourcesBuildPhase;
			buildActionMask = 2147483647;
			files = (
				AEFE14C71D924CC10037C92C /* LaunchScreen.storyboard in Resources */,
				AEFE14D11D924EEA0037C92C /* Landscape.jpeg in Resources */,
				AEFE14C41D924CC10037C92C /* Assets.xcassets in Resources */,
				AEFE14C21D924CC10037C92C /* Main.storyboard in Resources */,
			);
			runOnlyForDeploymentPostprocessing = 0;
		};
/* End PBXResourcesBuildPhase section */

/* Begin PBXSourcesBuildPhase section */
		AEFE14B51D924CC10037C92C /* Sources */ = {
			isa = PBXSourcesBuildPhase;
			buildActionMask = 2147483647;
			files = (
				AEFE14BF1D924CC10037C92C /* ViewController.swift in Sources */,
				AEFE14BD1D924CC10037C92C /* AppDelegate.swift in Sources */,
			);
			runOnlyForDeploymentPostprocessing = 0;
		};
/* End PBXSourcesBuildPhase section */

/* Begin PBXVariantGroup section */
		AEFE14C01D924CC10037C92C /* Main.storyboard */ = {
			isa = PBXVariantGroup;
			children = (
				AEFE14C11D924CC10037C92C /* Base */,
			);
			name = Main.storyboard;
			sourceTree = "<group>";
		};
		AEFE14C51D924CC10037C92C /* LaunchScreen.storyboard */ = {
			isa = PBXVariantGroup;
			children = (
				AEFE14C61D924CC10037C92C /* Base */,
			);
			name = LaunchScreen.storyboard;
			sourceTree = "<group>";
		};
/* End PBXVariantGroup section */

/* Begin XCBuildConfiguration section */
		AEFE14C91D924CC10037C92C /* Debug */ = {
			isa = XCBuildConfiguration;
			buildSettings = {
				ALWAYS_SEARCH_USER_PATHS = NO;
				CLANG_ANALYZER_NONNULL = YES;
				CLANG_CXX_LANGUAGE_STANDARD = "gnu++0x";
				CLANG_CXX_LIBRARY = "libc++";
				CLANG_ENABLE_MODULES = YES;
				CLANG_ENABLE_OBJC_ARC = YES;
				CLANG_WARN_BOOL_CONVERSION = YES;
				CLANG_WARN_CONSTANT_CONVERSION = YES;
				CLANG_WARN_DIRECT_OBJC_ISA_USAGE = YES_ERROR;
				CLANG_WARN_DOCUMENTATION_COMMENTS = YES;
				CLANG_WARN_EMPTY_BODY = YES;
				CLANG_WARN_ENUM_CONVERSION = YES;
				CLANG_WARN_INFINITE_RECURSION = YES;
				CLANG_WARN_INT_CONVERSION = YES;
				CLANG_WARN_OBJC_ROOT_CLASS = YES_ERROR;
				CLANG_WARN_SUSPICIOUS_MOVES = YES;
				CLANG_WARN_UNREACHABLE_CODE = YES;
				CLANG_WARN__DUPLICATE_METHOD_MATCH = YES;
				"CODE_SIGN_IDENTITY[sdk=iphoneos*]" = "iPhone Developer";
				COPY_PHASE_STRIP = NO;
				DEBUG_INFORMATION_FORMAT = dwarf;
				ENABLE_STRICT_OBJC_MSGSEND = YES;
				ENABLE_TESTABILITY = YES;
				GCC_C_LANGUAGE_STANDARD = gnu99;
				GCC_DYNAMIC_NO_PIC = NO;
				GCC_NO_COMMON_BLOCKS = YES;
				GCC_OPTIMIZATION_LEVEL = 0;
				GCC_PREPROCESSOR_DEFINITIONS = (
					"DEBUG=1",
					"$(inherited)",
				);
				GCC_WARN_64_TO_32_BIT_CONVERSION = YES;
				GCC_WARN_ABOUT_RETURN_TYPE = YES_ERROR;
				GCC_WARN_UNDECLARED_SELECTOR = YES;
				GCC_WARN_UNINITIALIZED_AUTOS = YES_AGGRESSIVE;
				GCC_WARN_UNUSED_FUNCTION = YES;
				GCC_WARN_UNUSED_VARIABLE = YES;
				IPHONEOS_DEPLOYMENT_TARGET = 10.0;
				MTL_ENABLE_DEBUG_INFO = YES;
				ONLY_ACTIVE_ARCH = YES;
				SDKROOT = iphoneos;
				SWIFT_ACTIVE_COMPILATION_CONDITIONS = DEBUG;
				SWIFT_OPTIMIZATION_LEVEL = "-Onone";
			};
			name = Debug;
		};
		AEFE14CA1D924CC10037C92C /* Release */ = {
			isa = XCBuildConfiguration;
			buildSettings = {
				ALWAYS_SEARCH_USER_PATHS = NO;
				CLANG_ANALYZER_NONNULL = YES;
				CLANG_CXX_LANGUAGE_STANDARD = "gnu++0x";
				CLANG_CXX_LIBRARY = "libc++";
				CLANG_ENABLE_MODULES = YES;
				CLANG_ENABLE_OBJC_ARC = YES;
				CLANG_WARN_BOOL_CONVERSION = YES;
				CLANG_WARN_CONSTANT_CONVERSION = YES;
				CLANG_WARN_DIRECT_OBJC_ISA_USAGE = YES_ERROR;
				CLANG_WARN_DOCUMENTATION_COMMENTS = YES;
				CLANG_WARN_EMPTY_BODY = YES;
				CLANG_WARN_ENUM_CONVERSION = YES;
				CLANG_WARN_INFINITE_RECURSION = YES;
				CLANG_WARN_INT_CONVERSION = YES;
				CLANG_WARN_OBJC_ROOT_CLASS = YES_ERROR;
				CLANG_WARN_SUSPICIOUS_MOVES = YES;
				CLANG_WARN_UNREACHABLE_CODE = YES;
				CLANG_WARN__DUPLICATE_METHOD_MATCH = YES;
				"CODE_SIGN_IDENTITY[sdk=iphoneos*]" = "iPhone Developer";
				COPY_PHASE_STRIP = NO;
				DEBUG_INFORMATION_FORMAT = "dwarf-with-dsym";
				ENABLE_NS_ASSERTIONS = NO;
				ENABLE_STRICT_OBJC_MSGSEND = YES;
				GCC_C_LANGUAGE_STANDARD = gnu99;
				GCC_NO_COMMON_BLOCKS = YES;
				GCC_WARN_64_TO_32_BIT_CONVERSION = YES;
				GCC_WARN_ABOUT_RETURN_TYPE = YES_ERROR;
				GCC_WARN_UNDECLARED_SELECTOR = YES;
				GCC_WARN_UNINITIALIZED_AUTOS = YES_AGGRESSIVE;
				GCC_WARN_UNUSED_FUNCTION = YES;
				GCC_WARN_UNUSED_VARIABLE = YES;
				IPHONEOS_DEPLOYMENT_TARGET = 10.0;
				MTL_ENABLE_DEBUG_INFO = NO;
				SDKROOT = iphoneos;
				SWIFT_OPTIMIZATION_LEVEL = "-Owholemodule";
				VALIDATE_PRODUCT = YES;
			};
			name = Release;
		};
		AEFE14CC1D924CC10037C92C /* Debug */ = {
			isa = XCBuildConfiguration;
			buildSettings = {
				ASSETCATALOG_COMPILER_APPICON_NAME = AppIcon;
				"CODE_SIGN_IDENTITY[sdk=iphoneos*]" = "iPhone Developer";
				DEVELOPMENT_TEAM = 4YZQY4C47E;
				INFOPLIST_FILE = "Whats The Wheather/Info.plist";
				LD_RUNPATH_SEARCH_PATHS = "$(inherited) @executable_path/Frameworks";
				PRODUCT_BUNDLE_IDENTIFIER = "entaku.Whats-The-Wheather";
				PRODUCT_NAME = "$(TARGET_NAME)";
				SWIFT_VERSION = 2.3;
			};
			name = Debug;
		};
		AEFE14CD1D924CC10037C92C /* Release */ = {
			isa = XCBuildConfiguration;
			buildSettings = {
				ASSETCATALOG_COMPILER_APPICON_NAME = AppIcon;
				"CODE_SIGN_IDENTITY[sdk=iphoneos*]" = "iPhone Developer";
				DEVELOPMENT_TEAM = 4YZQY4C47E;
				INFOPLIST_FILE = "Whats The Wheather/Info.plist";
				LD_RUNPATH_SEARCH_PATHS = "$(inherited) @executable_path/Frameworks";
				PRODUCT_BUNDLE_IDENTIFIER = "entaku.Whats-The-Wheather";
				PRODUCT_NAME = "$(TARGET_NAME)";
				SWIFT_VERSION = 2.3;
			};
			name = Release;
		};
/* End XCBuildConfiguration section */

/* Begin XCConfigurationList section */
		AEFE14B41D924CC10037C92C /* Build configuration list for PBXProject "Whats The Wheather" */ = {
			isa = XCConfigurationList;
			buildConfigurations = (
				AEFE14C91D924CC10037C92C /* Debug */,
				AEFE14CA1D924CC10037C92C /* Release */,
			);
			defaultConfigurationIsVisible = 0;
			defaultConfigurationName = Release;
		};
		AEFE14CB1D924CC10037C92C /* Build configuration list for PBXNativeTarget "Whats The Wheather" */ = {
			isa = XCConfigurationList;
			buildConfigurations = (
				AEFE14CC1D924CC10037C92C /* Debug */,
				AEFE14CD1D924CC10037C92C /* Release */,
			);
			defaultConfigurationIsVisible = 0;
			defaultConfigurationName = Release;
		};
/* End XCConfigurationList section */
	};
	rootObject = AEFE14B11D924CC10037C92C /* Project object */;
}
