// !$*UTF8*$!
{
	archiveVersion = 1;
	classes = {
	};
	objectVersion = 46;
	objects = {

/* Begin PBXBuildFile section */
		AEA0E5BA1D7F9BF60057176C /* AppDelegate.swift in Sources */ = {isa = PBXBuildFile; fileRef = AEA0E5B91D7F9BF60057176C /* AppDelegate.swift */; };
		AEA0E5BC1D7F9BF60057176C /* ViewController.swift in Sources */ = {isa = PBXBuildFile; fileRef = AEA0E5BB1D7F9BF60057176C /* ViewController.swift */; };
		AEA0E5BF1D7F9BF60057176C /* Main.storyboard in Resources */ = {isa = PBXBuildFile; fileRef = AEA0E5BD1D7F9BF60057176C /* Main.storyboard */; };
		AEA0E5C11D7F9BF60057176C /* Assets.xcassets in Resources */ = {isa = PBXBuildFile; fileRef = AEA0E5C01D7F9BF60057176C /* Assets.xcassets */; };
		AEA0E5C41D7F9BF60057176C /* LaunchScreen.storyboard in Resources */ = {isa = PBXBuildFile; fileRef = AEA0E5C21D7F9BF60057176C /* LaunchScreen.storyboard */; };
/* End PBXBuildFile section */

/* Begin PBXFileReference section */
		AEA0E5B61D7F9BF60057176C /* Controlling The Keyboard.app */ = {isa = PBXFileReference; explicitFileType = wrapper.application; includeInIndex = 0; path = "Controlling The Keyboard.app"; sourceTree = BUILT_PRODUCTS_DIR; };
		AEA0E5B91D7F9BF60057176C /* AppDelegate.swift */ = {isa = PBXFileReference; lastKnownFileType = sourcecode.swift; path = AppDelegate.swift; sourceTree = "<group>"; };
		AEA0E5BB1D7F9BF60057176C /* ViewController.swift */ = {isa = PBXFileReference; lastKnownFileType = sourcecode.swift; path = ViewController.swift; sourceTree = "<group>"; };
		AEA0E5BE1D7F9BF60057176C /* Base */ = {isa = PBXFileReference; lastKnownFileType = file.storyboard; name = Base; path = Base.lproj/Main.storyboard; sourceTree = "<group>"; };
		AEA0E5C01D7F9BF60057176C /* Assets.xcassets */ = {isa = PBXFileReference; lastKnownFileType = folder.assetcatalog; path = Assets.xcassets; sourceTree = "<group>"; };
		AEA0E5C31D7F9BF60057176C /* Base */ = {isa = PBXFileReference; lastKnownFileType = file.storyboard; name = Base; path = Base.lproj/LaunchScreen.storyboard; sourceTree = "<group>"; };
		AEA0E5C51D7F9BF60057176C /* Info.plist */ = {isa = PBXFileReference; lastKnownFileType = text.plist.xml; path = Info.plist; sourceTree = "<group>"; };
/* End PBXFileReference section */

/* Begin PBXFrameworksBuildPhase section */
		AEA0E5B31D7F9BF60057176C /* Frameworks */ = {
			isa = PBXFrameworksBuildPhase;
			buildActionMask = 2147483647;
			files = (
			);
			runOnlyForDeploymentPostprocessing = 0;
		};
/* End PBXFrameworksBuildPhase section */

/* Begin PBXGroup section */
		AEA0E5AD1D7F9BF60057176C = {
			isa = PBXGroup;
			children = (
				AEA0E5B81D7F9BF60057176C /* Controlling The Keyboard */,
				AEA0E5B71D7F9BF60057176C /* Products */,
			);
			sourceTree = "<group>";
		};
		AEA0E5B71D7F9BF60057176C /* Products */ = {
			isa = PBXGroup;
			children = (
				AEA0E5B61D7F9BF60057176C /* Controlling The Keyboard.app */,
			);
			name = Products;
			sourceTree = "<group>";
		};
		AEA0E5B81D7F9BF60057176C /* Controlling The Keyboard */ = {
			isa = PBXGroup;
			children = (
				AEA0E5B91D7F9BF60057176C /* AppDelegate.swift */,
				AEA0E5BB1D7F9BF60057176C /* ViewController.swift */,
				AEA0E5BD1D7F9BF60057176C /* Main.storyboard */,
				AEA0E5C01D7F9BF60057176C /* Assets.xcassets */,
				AEA0E5C21D7F9BF60057176C /* LaunchScreen.storyboard */,
				AEA0E5C51D7F9BF60057176C /* Info.plist */,
			);
			path = "Controlling The Keyboard";
			sourceTree = "<group>";
		};
/* End PBXGroup section */

/* Begin PBXNativeTarget section */
		AEA0E5B51D7F9BF60057176C /* Controlling The Keyboard */ = {
			isa = PBXNativeTarget;
			buildConfigurationList = AEA0E5C81D7F9BF60057176C /* Build configuration list for PBXNativeTarget "Controlling The Keyboard" */;
			buildPhases = (
				AEA0E5B21D7F9BF60057176C /* Sources */,
				AEA0E5B31D7F9BF60057176C /* Frameworks */,
				AEA0E5B41D7F9BF60057176C /* Resources */,
			);
			buildRules = (
			);
			dependencies = (
			);
			name = "Controlling The Keyboard";
			productName = "Controlling The Keyboard";
			productReference = AEA0E5B61D7F9BF60057176C /* Controlling The Keyboard.app */;
			productType = "com.apple.product-type.application";
		};
/* End PBXNativeTarget section */

/* Begin PBXProject section */
		AEA0E5AE1D7F9BF60057176C /* Project object */ = {
			isa = PBXProject;
			attributes = {
				LastSwiftUpdateCheck = 0730;
				LastUpgradeCheck = 0730;
				ORGANIZATIONNAME = "Takuya Endo";
				TargetAttributes = {
					AEA0E5B51D7F9BF60057176C = {
						CreatedOnToolsVersion = 7.3.1;
						DevelopmentTeam = 4YZQY4C47E;
					};
				};
			};
			buildConfigurationList = AEA0E5B11D7F9BF60057176C /* Build configuration list for PBXProject "Controlling The Keyboard" */;
			compatibilityVersion = "Xcode 3.2";
			developmentRegion = English;
			hasScannedForEncodings = 0;
			knownRegions = (
				en,
				Base,
			);
			mainGroup = AEA0E5AD1D7F9BF60057176C;
			productRefGroup = AEA0E5B71D7F9BF60057176C /* Products */;
			projectDirPath = "";
			projectRoot = "";
			targets = (
				AEA0E5B51D7F9BF60057176C /* Controlling The Keyboard */,
			);
		};
/* End PBXProject section */

/* Begin PBXResourcesBuildPhase section */
		AEA0E5B41D7F9BF60057176C /* Resources */ = {
			isa = PBXResourcesBuildPhase;
			buildActionMask = 2147483647;
			files = (
				AEA0E5C41D7F9BF60057176C /* LaunchScreen.storyboard in Resources */,
				AEA0E5C11D7F9BF60057176C /* Assets.xcassets in Resources */,
				AEA0E5BF1D7F9BF60057176C /* Main.storyboard in Resources */,
			);
			runOnlyForDeploymentPostprocessing = 0;
		};
/* End PBXResourcesBuildPhase section */

/* Begin PBXSourcesBuildPhase section */
		AEA0E5B21D7F9BF60057176C /* Sources */ = {
			isa = PBXSourcesBuildPhase;
			buildActionMask = 2147483647;
			files = (
				AEA0E5BC1D7F9BF60057176C /* ViewController.swift in Sources */,
				AEA0E5BA1D7F9BF60057176C /* AppDelegate.swift in Sources */,
			);
			runOnlyForDeploymentPostprocessing = 0;
		};
/* End PBXSourcesBuildPhase section */

/* Begin PBXVariantGroup section */
		AEA0E5BD1D7F9BF60057176C /* Main.storyboard */ = {
			isa = PBXVariantGroup;
			children = (
				AEA0E5BE1D7F9BF60057176C /* Base */,
			);
			name = Main.storyboard;
			sourceTree = "<group>";
		};
		AEA0E5C21D7F9BF60057176C /* LaunchScreen.storyboard */ = {
			isa = PBXVariantGroup;
			children = (
				AEA0E5C31D7F9BF60057176C /* Base */,
			);
			name = LaunchScreen.storyboard;
			sourceTree = "<group>";
		};
/* End PBXVariantGroup section */

/* Begin XCBuildConfiguration section */
		AEA0E5C61D7F9BF60057176C /* Debug */ = {
			isa = XCBuildConfiguration;
			buildSettings = {
				ALWAYS_SEARCH_USER_PATHS = NO;
				CLANG_ANALYZER_NONNULL = YES;
				CLANG_CXX_LANGUAGE_STANDARD = "gnu++0x";
				CLANG_CXX_LIBRARY = "libc++";
				CLANG_ENABLE_MODULES = YES;
				CLANG_ENABLE_OBJC_ARC = YES;
				CLANG_WARN_BOOL_CONVERSION = YES;
				CLANG_WARN_CONSTANT_CONVERSION = YES;
				CLANG_WARN_DIRECT_OBJC_ISA_USAGE = YES_ERROR;
				CLANG_WARN_EMPTY_BODY = YES;
				CLANG_WARN_ENUM_CONVERSION = YES;
				CLANG_WARN_INT_CONVERSION = YES;
				CLANG_WARN_OBJC_ROOT_CLASS = YES_ERROR;
				CLANG_WARN_UNREACHABLE_CODE = YES;
				CLANG_WARN__DUPLICATE_METHOD_MATCH = YES;
				"CODE_SIGN_IDENTITY[sdk=iphoneos*]" = "iPhone Developer";
				COPY_PHASE_STRIP = NO;
				DEBUG_INFORMATION_FORMAT = dwarf;
				ENABLE_STRICT_OBJC_MSGSEND = YES;
				ENABLE_TESTABILITY = YES;
				GCC_C_LANGUAGE_STANDARD = gnu99;
				GCC_DYNAMIC_NO_PIC = NO;
				GCC_NO_COMMON_BLOCKS = YES;
				GCC_OPTIMIZATION_LEVEL = 0;
				GCC_PREPROCESSOR_DEFINITIONS = (
					"DEBUG=1",
					"$(inherited)",
				);
				GCC_WARN_64_TO_32_BIT_CONVERSION = YES;
				GCC_WARN_ABOUT_RETURN_TYPE = YES_ERROR;
				GCC_WARN_UNDECLARED_SELECTOR = YES;
				GCC_WARN_UNINITIALIZED_AUTOS = YES_AGGRESSIVE;
				GCC_WARN_UNUSED_FUNCTION = YES;
				GCC_WARN_UNUSED_VARIABLE = YES;
				IPHONEOS_DEPLOYMENT_TARGET = 9.3;
				MTL_ENABLE_DEBUG_INFO = YES;
				ONLY_ACTIVE_ARCH = YES;
				SDKROOT = iphoneos;
				SWIFT_OPTIMIZATION_LEVEL = "-Onone";
			};
			name = Debug;
		};
		AEA0E5C71D7F9BF60057176C /* Release */ = {
			isa = XCBuildConfiguration;
			buildSettings = {
				ALWAYS_SEARCH_USER_PATHS = NO;
				CLANG_ANALYZER_NONNULL = YES;
				CLANG_CXX_LANGUAGE_STANDARD = "gnu++0x";
				CLANG_CXX_LIBRARY = "libc++";
				CLANG_ENABLE_MODULES = YES;
				CLANG_ENABLE_OBJC_ARC = YES;
				CLANG_WARN_BOOL_CONVERSION = YES;
				CLANG_WARN_CONSTANT_CONVERSION = YES;
				CLANG_WARN_DIRECT_OBJC_ISA_USAGE = YES_ERROR;
				CLANG_WARN_EMPTY_BODY = YES;
				CLANG_WARN_ENUM_CONVERSION = YES;
				CLANG_WARN_INT_CONVERSION = YES;
				CLANG_WARN_OBJC_ROOT_CLASS = YES_ERROR;
				CLANG_WARN_UNREACHABLE_CODE = YES;
				CLANG_WARN__DUPLICATE_METHOD_MATCH = YES;
				"CODE_SIGN_IDENTITY[sdk=iphoneos*]" = "iPhone Developer";
				COPY_PHASE_STRIP = NO;
				DEBUG_INFORMATION_FORMAT = "dwarf-with-dsym";
				ENABLE_NS_ASSERTIONS = NO;
				ENABLE_STRICT_OBJC_MSGSEND = YES;
				GCC_C_LANGUAGE_STANDARD = gnu99;
				GCC_NO_COMMON_BLOCKS = YES;
				GCC_WARN_64_TO_32_BIT_CONVERSION = YES;
				GCC_WARN_ABOUT_RETURN_TYPE = YES_ERROR;
				GCC_WARN_UNDECLARED_SELECTOR = YES;
				GCC_WARN_UNINITIALIZED_AUTOS = YES_AGGRESSIVE;
				GCC_WARN_UNUSED_FUNCTION = YES;
				GCC_WARN_UNUSED_VARIABLE = YES;
				IPHONEOS_DEPLOYMENT_TARGET = 9.3;
				MTL_ENABLE_DEBUG_INFO = NO;
				SDKROOT = iphoneos;
				VALIDATE_PRODUCT = YES;
			};
			name = Release;
		};
		AEA0E5C91D7F9BF60057176C /* Debug */ = {
			isa = XCBuildConfiguration;
			buildSettings = {
				ASSETCATALOG_COMPILER_APPICON_NAME = AppIcon;
				INFOPLIST_FILE = "Controlling The Keyboard/Info.plist";
				LD_RUNPATH_SEARCH_PATHS = "$(inherited) @executable_path/Frameworks";
				PRODUCT_BUNDLE_IDENTIFIER = "entaku.Controlling-The-Keyboard";
				PRODUCT_NAME = "$(TARGET_NAME)";
			};
			name = Debug;
		};
		AEA0E5CA1D7F9BF60057176C /* Release */ = {
			isa = XCBuildConfiguration;
			buildSettings = {
				ASSETCATALOG_COMPILER_APPICON_NAME = AppIcon;
				INFOPLIST_FILE = "Controlling The Keyboard/Info.plist";
				LD_RUNPATH_SEARCH_PATHS = "$(inherited) @executable_path/Frameworks";
				PRODUCT_BUNDLE_IDENTIFIER = "entaku.Controlling-The-Keyboard";
				PRODUCT_NAME = "$(TARGET_NAME)";
			};
			name = Release;
		};
/* End XCBuildConfiguration section */

/* Begin XCConfigurationList section */
		AEA0E5B11D7F9BF60057176C /* Build configuration list for PBXProject "Controlling The Keyboard" */ = {
			isa = XCConfigurationList;
			buildConfigurations = (
				AEA0E5C61D7F9BF60057176C /* Debug */,
				AEA0E5C71D7F9BF60057176C /* Release */,
			);
			defaultConfigurationIsVisible = 0;
			defaultConfigurationName = Release;
		};
		AEA0E5C81D7F9BF60057176C /* Build configuration list for PBXNativeTarget "Controlling The Keyboard" */ = {
			isa = XCConfigurationList;
			buildConfigurations = (
				AEA0E5C91D7F9BF60057176C /* Debug */,
				AEA0E5CA1D7F9BF60057176C /* Release */,
			);
			defaultConfigurationIsVisible = 0;
		};
/* End XCConfigurationList section */
	};
	rootObject = AEA0E5AE1D7F9BF60057176C /* Project object */;
}
