// !$*UTF8*$!
{
	archiveVersion = 1;
	classes = {
	};
	objectVersion = 46;
	objects = {

/* Begin PBXBuildFile section */
		AEB18BD51DA7E81A00E90A0A /* AppDelegate.swift in Sources */ = {isa = PBXBuildFile; fileRef = AEB18BD41DA7E81A00E90A0A /* AppDelegate.swift */; };
		AEB18BD71DA7E81A00E90A0A /* ViewController.swift in Sources */ = {isa = PBXBuildFile; fileRef = AEB18BD61DA7E81A00E90A0A /* ViewController.swift */; };
		AEB18BDA1DA7E81A00E90A0A /* Main.storyboard in Resources */ = {isa = PBXBuildFile; fileRef = AEB18BD81DA7E81A00E90A0A /* Main.storyboard */; };
		AEB18BDC1DA7E81A00E90A0A /* Assets.xcassets in Resources */ = {isa = PBXBuildFile; fileRef = AEB18BDB1DA7E81A00E90A0A /* Assets.xcassets */; };
		AEB18BDF1DA7E81A00E90A0A /* LaunchScreen.storyboard in Resources */ = {isa = PBXBuildFile; fileRef = AEB18BDD1DA7E81A00E90A0A /* LaunchScreen.storyboard */; };
		AEB18BE71DA7E94200E90A0A /* TableViewController.swift in Sources */ = {isa = PBXBuildFile; fileRef = AEB18BE61DA7E94200E90A0A /* TableViewController.swift */; };
/* End PBXBuildFile section */

/* Begin PBXFileReference section */
		AEB18BD11DA7E81A00E90A0A /* Advanced Segues.app */ = {isa = PBXFileReference; explicitFileType = wrapper.application; includeInIndex = 0; path = "Advanced Segues.app"; sourceTree = BUILT_PRODUCTS_DIR; };
		AEB18BD41DA7E81A00E90A0A /* AppDelegate.swift */ = {isa = PBXFileReference; lastKnownFileType = sourcecode.swift; path = AppDelegate.swift; sourceTree = "<group>"; };
		AEB18BD61DA7E81A00E90A0A /* ViewController.swift */ = {isa = PBXFileReference; lastKnownFileType = sourcecode.swift; path = ViewController.swift; sourceTree = "<group>"; };
		AEB18BD91DA7E81A00E90A0A /* Base */ = {isa = PBXFileReference; lastKnownFileType = file.storyboard; name = Base; path = Base.lproj/Main.storyboard; sourceTree = "<group>"; };
		AEB18BDB1DA7E81A00E90A0A /* Assets.xcassets */ = {isa = PBXFileReference; lastKnownFileType = folder.assetcatalog; path = Assets.xcassets; sourceTree = "<group>"; };
		AEB18BDE1DA7E81A00E90A0A /* Base */ = {isa = PBXFileReference; lastKnownFileType = file.storyboard; name = Base; path = Base.lproj/LaunchScreen.storyboard; sourceTree = "<group>"; };
		AEB18BE01DA7E81A00E90A0A /* Info.plist */ = {isa = PBXFileReference; lastKnownFileType = text.plist.xml; path = Info.plist; sourceTree = "<group>"; };
		AEB18BE61DA7E94200E90A0A /* TableViewController.swift */ = {isa = PBXFileReference; fileEncoding = 4; lastKnownFileType = sourcecode.swift; path = TableViewController.swift; sourceTree = "<group>"; };
/* End PBXFileReference section */

/* Begin PBXFrameworksBuildPhase section */
		AEB18BCE1DA7E81A00E90A0A /* Frameworks */ = {
			isa = PBXFrameworksBuildPhase;
			buildActionMask = 2147483647;
			files = (
			);
			runOnlyForDeploymentPostprocessing = 0;
		};
/* End PBXFrameworksBuildPhase section */

/* Begin PBXGroup section */
		AEB18BC81DA7E81A00E90A0A = {
			isa = PBXGroup;
			children = (
				AEB18BD31DA7E81A00E90A0A /* Advanced Segues */,
				AEB18BD21DA7E81A00E90A0A /* Products */,
			);
			sourceTree = "<group>";
		};
		AEB18BD21DA7E81A00E90A0A /* Products */ = {
			isa = PBXGroup;
			children = (
				AEB18BD11DA7E81A00E90A0A /* Advanced Segues.app */,
			);
			name = Products;
			sourceTree = "<group>";
		};
		AEB18BD31DA7E81A00E90A0A /* Advanced Segues */ = {
			isa = PBXGroup;
			children = (
				AEB18BD41DA7E81A00E90A0A /* AppDelegate.swift */,
				AEB18BD61DA7E81A00E90A0A /* ViewController.swift */,
				AEB18BE61DA7E94200E90A0A /* TableViewController.swift */,
				AEB18BD81DA7E81A00E90A0A /* Main.storyboard */,
				AEB18BDB1DA7E81A00E90A0A /* Assets.xcassets */,
				AEB18BDD1DA7E81A00E90A0A /* LaunchScreen.storyboard */,
				AEB18BE01DA7E81A00E90A0A /* Info.plist */,
			);
			path = "Advanced Segues";
			sourceTree = "<group>";
		};
/* End PBXGroup section */

/* Begin PBXNativeTarget section */
		AEB18BD01DA7E81A00E90A0A /* Advanced Segues */ = {
			isa = PBXNativeTarget;
			buildConfigurationList = AEB18BE31DA7E81A00E90A0A /* Build configuration list for PBXNativeTarget "Advanced Segues" */;
			buildPhases = (
				AEB18BCD1DA7E81A00E90A0A /* Sources */,
				AEB18BCE1DA7E81A00E90A0A /* Frameworks */,
				AEB18BCF1DA7E81A00E90A0A /* Resources */,
			);
			buildRules = (
			);
			dependencies = (
			);
			name = "Advanced Segues";
			productName = "Advanced Segues";
			productReference = AEB18BD11DA7E81A00E90A0A /* Advanced Segues.app */;
			productType = "com.apple.product-type.application";
		};
/* End PBXNativeTarget section */

/* Begin PBXProject section */
		AEB18BC91DA7E81A00E90A0A /* Project object */ = {
			isa = PBXProject;
			attributes = {
				LastSwiftUpdateCheck = 0800;
				LastUpgradeCheck = 0800;
				ORGANIZATIONNAME = "遠藤拓弥\b";
				TargetAttributes = {
					AEB18BD01DA7E81A00E90A0A = {
						CreatedOnToolsVersion = 8.0;
						DevelopmentTeam = 4YZQY4C47E;
						ProvisioningStyle = Automatic;
					};
				};
			};
			buildConfigurationList = AEB18BCC1DA7E81A00E90A0A /* Build configuration list for PBXProject "Advanced Segues" */;
			compatibilityVersion = "Xcode 3.2";
			developmentRegion = English;
			hasScannedForEncodings = 0;
			knownRegions = (
				en,
				Base,
			);
			mainGroup = AEB18BC81DA7E81A00E90A0A;
			productRefGroup = AEB18BD21DA7E81A00E90A0A /* Products */;
			projectDirPath = "";
			projectRoot = "";
			targets = (
				AEB18BD01DA7E81A00E90A0A /* Advanced Segues */,
			);
		};
/* End PBXProject section */

/* Begin PBXResourcesBuildPhase section */
		AEB18BCF1DA7E81A00E90A0A /* Resources */ = {
			isa = PBXResourcesBuildPhase;
			buildActionMask = 2147483647;
			files = (
				AEB18BDF1DA7E81A00E90A0A /* LaunchScreen.storyboard in Resources */,
				AEB18BDC1DA7E81A00E90A0A /* Assets.xcassets in Resources */,
				AEB18BDA1DA7E81A00E90A0A /* Main.storyboard in Resources */,
			);
			runOnlyForDeploymentPostprocessing = 0;
		};
/* End PBXResourcesBuildPhase section */

/* Begin PBXSourcesBuildPhase section */
		AEB18BCD1DA7E81A00E90A0A /* Sources */ = {
			isa = PBXSourcesBuildPhase;
			buildActionMask = 2147483647;
			files = (
				AEB18BD71DA7E81A00E90A0A /* ViewController.swift in Sources */,
				AEB18BE71DA7E94200E90A0A /* TableViewController.swift in Sources */,
				AEB18BD51DA7E81A00E90A0A /* AppDelegate.swift in Sources */,
			);
			runOnlyForDeploymentPostprocessing = 0;
		};
/* End PBXSourcesBuildPhase section */

/* Begin PBXVariantGroup section */
		AEB18BD81DA7E81A00E90A0A /* Main.storyboard */ = {
			isa = PBXVariantGroup;
			children = (
				AEB18BD91DA7E81A00E90A0A /* Base */,
			);
			name = Main.storyboard;
			sourceTree = "<group>";
		};
		AEB18BDD1DA7E81A00E90A0A /* LaunchScreen.storyboard */ = {
			isa = PBXVariantGroup;
			children = (
				AEB18BDE1DA7E81A00E90A0A /* Base */,
			);
			name = LaunchScreen.storyboard;
			sourceTree = "<group>";
		};
/* End PBXVariantGroup section */

/* Begin XCBuildConfiguration section */
		AEB18BE11DA7E81A00E90A0A /* Debug */ = {
			isa = XCBuildConfiguration;
			buildSettings = {
				ALWAYS_SEARCH_USER_PATHS = NO;
				CLANG_ANALYZER_NONNULL = YES;
				CLANG_CXX_LANGUAGE_STANDARD = "gnu++0x";
				CLANG_CXX_LIBRARY = "libc++";
				CLANG_ENABLE_MODULES = YES;
				CLANG_ENABLE_OBJC_ARC = YES;
				CLANG_WARN_BOOL_CONVERSION = YES;
				CLANG_WARN_CONSTANT_CONVERSION = YES;
				CLANG_WARN_DIRECT_OBJC_ISA_USAGE = YES_ERROR;
				CLANG_WARN_DOCUMENTATION_COMMENTS = YES;
				CLANG_WARN_EMPTY_BODY = YES;
				CLANG_WARN_ENUM_CONVERSION = YES;
				CLANG_WARN_INFINITE_RECURSION = YES;
				CLANG_WARN_INT_CONVERSION = YES;
				CLANG_WARN_OBJC_ROOT_CLASS = YES_ERROR;
				CLANG_WARN_SUSPICIOUS_MOVES = YES;
				CLANG_WARN_UNREACHABLE_CODE = YES;
				CLANG_WARN__DUPLICATE_METHOD_MATCH = YES;
				"CODE_SIGN_IDENTITY[sdk=iphoneos*]" = "iPhone Developer";
				COPY_PHASE_STRIP = NO;
				DEBUG_INFORMATION_FORMAT = dwarf;
				ENABLE_STRICT_OBJC_MSGSEND = YES;
				ENABLE_TESTABILITY = YES;
				GCC_C_LANGUAGE_STANDARD = gnu99;
				GCC_DYNAMIC_NO_PIC = NO;
				GCC_NO_COMMON_BLOCKS = YES;
				GCC_OPTIMIZATION_LEVEL = 0;
				GCC_PREPROCESSOR_DEFINITIONS = (
					"DEBUG=1",
					"$(inherited)",
				);
				GCC_WARN_64_TO_32_BIT_CONVERSION = YES;
				GCC_WARN_ABOUT_RETURN_TYPE = YES_ERROR;
				GCC_WARN_UNDECLARED_SELECTOR = YES;
				GCC_WARN_UNINITIALIZED_AUTOS = YES_AGGRESSIVE;
				GCC_WARN_UNUSED_FUNCTION = YES;
				GCC_WARN_UNUSED_VARIABLE = YES;
				IPHONEOS_DEPLOYMENT_TARGET = 10.0;
				MTL_ENABLE_DEBUG_INFO = YES;
				ONLY_ACTIVE_ARCH = YES;
				SDKROOT = iphoneos;
				SWIFT_ACTIVE_COMPILATION_CONDITIONS = DEBUG;
				SWIFT_OPTIMIZATION_LEVEL = "-Onone";
			};
			name = Debug;
		};
		AEB18BE21DA7E81A00E90A0A /* Release */ = {
			isa = XCBuildConfiguration;
			buildSettings = {
				ALWAYS_SEARCH_USER_PATHS = NO;
				CLANG_ANALYZER_NONNULL = YES;
				CLANG_CXX_LANGUAGE_STANDARD = "gnu++0x";
				CLANG_CXX_LIBRARY = "libc++";
				CLANG_ENABLE_MODULES = YES;
				CLANG_ENABLE_OBJC_ARC = YES;
				CLANG_WARN_BOOL_CONVERSION = YES;
				CLANG_WARN_CONSTANT_CONVERSION = YES;
				CLANG_WARN_DIRECT_OBJC_ISA_USAGE = YES_ERROR;
				CLANG_WARN_DOCUMENTATION_COMMENTS = YES;
				CLANG_WARN_EMPTY_BODY = YES;
				CLANG_WARN_ENUM_CONVERSION = YES;
				CLANG_WARN_INFINITE_RECURSION = YES;
				CLANG_WARN_INT_CONVERSION = YES;
				CLANG_WARN_OBJC_ROOT_CLASS = YES_ERROR;
				CLANG_WARN_SUSPICIOUS_MOVES = YES;
				CLANG_WARN_UNREACHABLE_CODE = YES;
				CLANG_WARN__DUPLICATE_METHOD_MATCH = YES;
				"CODE_SIGN_IDENTITY[sdk=iphoneos*]" = "iPhone Developer";
				COPY_PHASE_STRIP = NO;
				DEBUG_INFORMATION_FORMAT = "dwarf-with-dsym";
				ENABLE_NS_ASSERTIONS = NO;
				ENABLE_STRICT_OBJC_MSGSEND = YES;
				GCC_C_LANGUAGE_STANDARD = gnu99;
				GCC_NO_COMMON_BLOCKS = YES;
				GCC_WARN_64_TO_32_BIT_CONVERSION = YES;
				GCC_WARN_ABOUT_RETURN_TYPE = YES_ERROR;
				GCC_WARN_UNDECLARED_SELECTOR = YES;
				GCC_WARN_UNINITIALIZED_AUTOS = YES_AGGRESSIVE;
				GCC_WARN_UNUSED_FUNCTION = YES;
				GCC_WARN_UNUSED_VARIABLE = YES;
				IPHONEOS_DEPLOYMENT_TARGET = 10.0;
				MTL_ENABLE_DEBUG_INFO = NO;
				SDKROOT = iphoneos;
				SWIFT_OPTIMIZATION_LEVEL = "-Owholemodule";
				VALIDATE_PRODUCT = YES;
			};
			name = Release;
		};
		AEB18BE41DA7E81A00E90A0A /* Debug */ = {
			isa = XCBuildConfiguration;
			buildSettings = {
				ASSETCATALOG_COMPILER_APPICON_NAME = AppIcon;
				DEVELOPMENT_TEAM = 4YZQY4C47E;
				INFOPLIST_FILE = "Advanced Segues/Info.plist";
				LD_RUNPATH_SEARCH_PATHS = "$(inherited) @executable_path/Frameworks";
				PRODUCT_BUNDLE_IDENTIFIER = "entaku.Advanced-Segues";
				PRODUCT_NAME = "$(TARGET_NAME)";
				SWIFT_VERSION = 3.0;
			};
			name = Debug;
		};
		AEB18BE51DA7E81A00E90A0A /* Release */ = {
			isa = XCBuildConfiguration;
			buildSettings = {
				ASSETCATALOG_COMPILER_APPICON_NAME = AppIcon;
				DEVELOPMENT_TEAM = 4YZQY4C47E;
				INFOPLIST_FILE = "Advanced Segues/Info.plist";
				LD_RUNPATH_SEARCH_PATHS = "$(inherited) @executable_path/Frameworks";
				PRODUCT_BUNDLE_IDENTIFIER = "entaku.Advanced-Segues";
				PRODUCT_NAME = "$(TARGET_NAME)";
				SWIFT_VERSION = 3.0;
			};
			name = Release;
		};
/* End XCBuildConfiguration section */

/* Begin XCConfigurationList section */
		AEB18BCC1DA7E81A00E90A0A /* Build configuration list for PBXProject "Advanced Segues" */ = {
			isa = XCConfigurationList;
			buildConfigurations = (
				AEB18BE11DA7E81A00E90A0A /* Debug */,
				AEB18BE21DA7E81A00E90A0A /* Release */,
			);
			defaultConfigurationIsVisible = 0;
			defaultConfigurationName = Release;
		};
		AEB18BE31DA7E81A00E90A0A /* Build configuration list for PBXNativeTarget "Advanced Segues" */ = {
			isa = XCConfigurationList;
			buildConfigurations = (
				AEB18BE41DA7E81A00E90A0A /* Debug */,
				AEB18BE51DA7E81A00E90A0A /* Release */,
			);
			defaultConfigurationIsVisible = 0;
		};
/* End XCConfigurationList section */
	};
	rootObject = AEB18BC91DA7E81A00E90A0A /* Project object */;
}
