// !$*UTF8*$!
{
	archiveVersion = 1;
	classes = {
	};
	objectVersion = 46;
	objects = {

/* Begin PBXBuildFile section */
		AE4ABAA31D6978FA0079E6F8 /* AppDelegate.swift in Sources */ = {isa = PBXBuildFile; fileRef = AE4ABAA21D6978FA0079E6F8 /* AppDelegate.swift */; };
		AE4ABAA51D6978FA0079E6F8 /* ViewController.swift in Sources */ = {isa = PBXBuildFile; fileRef = AE4ABAA41D6978FA0079E6F8 /* ViewController.swift */; };
		AE4ABAA81D6978FA0079E6F8 /* Main.storyboard in Resources */ = {isa = PBXBuildFile; fileRef = AE4ABAA61D6978FA0079E6F8 /* Main.storyboard */; };
		AE4ABAAA1D6978FA0079E6F8 /* Assets.xcassets in Resources */ = {isa = PBXBuildFile; fileRef = AE4ABAA91D6978FA0079E6F8 /* Assets.xcassets */; };
		AE4ABAAD1D6978FA0079E6F8 /* LaunchScreen.storyboard in Resources */ = {isa = PBXBuildFile; fileRef = AE4ABAAB1D6978FA0079E6F8 /* LaunchScreen.storyboard */; };
		AE4ABAB81D6978FA0079E6F8 /* How_many_fingersTests.swift in Sources */ = {isa = PBXBuildFile; fileRef = AE4ABAB71D6978FA0079E6F8 /* How_many_fingersTests.swift */; };
		AE4ABAC31D6978FA0079E6F8 /* How_many_fingersUITests.swift in Sources */ = {isa = PBXBuildFile; fileRef = AE4ABAC21D6978FA0079E6F8 /* How_many_fingersUITests.swift */; };
		AE94CA961D697C1A00DC3529 /* finger.jpg in Resources */ = {isa = PBXBuildFile; fileRef = AE94CA951D697C1A00DC3529 /* finger.jpg */; };
/* End PBXBuildFile section */

/* Begin PBXContainerItemProxy section */
		AE4ABAB41D6978FA0079E6F8 /* PBXContainerItemProxy */ = {
			isa = PBXContainerItemProxy;
			containerPortal = AE4ABA971D6978FA0079E6F8 /* Project object */;
			proxyType = 1;
			remoteGlobalIDString = AE4ABA9E1D6978FA0079E6F8;
			remoteInfo = "How many fingers";
		};
		AE4ABABF1D6978FA0079E6F8 /* PBXContainerItemProxy */ = {
			isa = PBXContainerItemProxy;
			containerPortal = AE4ABA971D6978FA0079E6F8 /* Project object */;
			proxyType = 1;
			remoteGlobalIDString = AE4ABA9E1D6978FA0079E6F8;
			remoteInfo = "How many fingers";
		};
/* End PBXContainerItemProxy section */

/* Begin PBXFileReference section */
		AE4ABA9F1D6978FA0079E6F8 /* How many fingers.app */ = {isa = PBXFileReference; explicitFileType = wrapper.application; includeInIndex = 0; path = "How many fingers.app"; sourceTree = BUILT_PRODUCTS_DIR; };
		AE4ABAA21D6978FA0079E6F8 /* AppDelegate.swift */ = {isa = PBXFileReference; lastKnownFileType = sourcecode.swift; path = AppDelegate.swift; sourceTree = "<group>"; };
		AE4ABAA41D6978FA0079E6F8 /* ViewController.swift */ = {isa = PBXFileReference; lastKnownFileType = sourcecode.swift; path = ViewController.swift; sourceTree = "<group>"; };
		AE4ABAA71D6978FA0079E6F8 /* Base */ = {isa = PBXFileReference; lastKnownFileType = file.storyboard; name = Base; path = Base.lproj/Main.storyboard; sourceTree = "<group>"; };
		AE4ABAA91D6978FA0079E6F8 /* Assets.xcassets */ = {isa = PBXFileReference; lastKnownFileType = folder.assetcatalog; path = Assets.xcassets; sourceTree = "<group>"; };
		AE4ABAAC1D6978FA0079E6F8 /* Base */ = {isa = PBXFileReference; lastKnownFileType = file.storyboard; name = Base; path = Base.lproj/LaunchScreen.storyboard; sourceTree = "<group>"; };
		AE4ABAAE1D6978FA0079E6F8 /* Info.plist */ = {isa = PBXFileReference; lastKnownFileType = text.plist.xml; path = Info.plist; sourceTree = "<group>"; };
		AE4ABAB31D6978FA0079E6F8 /* How many fingersTests.xctest */ = {isa = PBXFileReference; explicitFileType = wrapper.cfbundle; includeInIndex = 0; path = "How many fingersTests.xctest"; sourceTree = BUILT_PRODUCTS_DIR; };
		AE4ABAB71D6978FA0079E6F8 /* How_many_fingersTests.swift */ = {isa = PBXFileReference; lastKnownFileType = sourcecode.swift; path = How_many_fingersTests.swift; sourceTree = "<group>"; };
		AE4ABAB91D6978FA0079E6F8 /* Info.plist */ = {isa = PBXFileReference; lastKnownFileType = text.plist.xml; path = Info.plist; sourceTree = "<group>"; };
		AE4ABABE1D6978FA0079E6F8 /* How many fingersUITests.xctest */ = {isa = PBXFileReference; explicitFileType = wrapper.cfbundle; includeInIndex = 0; path = "How many fingersUITests.xctest"; sourceTree = BUILT_PRODUCTS_DIR; };
		AE4ABAC21D6978FA0079E6F8 /* How_many_fingersUITests.swift */ = {isa = PBXFileReference; lastKnownFileType = sourcecode.swift; path = How_many_fingersUITests.swift; sourceTree = "<group>"; };
		AE4ABAC41D6978FA0079E6F8 /* Info.plist */ = {isa = PBXFileReference; lastKnownFileType = text.plist.xml; path = Info.plist; sourceTree = "<group>"; };
		AE94CA951D697C1A00DC3529 /* finger.jpg */ = {isa = PBXFileReference; lastKnownFileType = image.jpeg; name = finger.jpg; path = ../finger.jpg; sourceTree = "<group>"; };
/* End PBXFileReference section */

/* Begin PBXFrameworksBuildPhase section */
		AE4ABA9C1D6978FA0079E6F8 /* Frameworks */ = {
			isa = PBXFrameworksBuildPhase;
			buildActionMask = 2147483647;
			files = (
			);
			runOnlyForDeploymentPostprocessing = 0;
		};
		AE4ABAB01D6978FA0079E6F8 /* Frameworks */ = {
			isa = PBXFrameworksBuildPhase;
			buildActionMask = 2147483647;
			files = (
			);
			runOnlyForDeploymentPostprocessing = 0;
		};
		AE4ABABB1D6978FA0079E6F8 /* Frameworks */ = {
			isa = PBXFrameworksBuildPhase;
			buildActionMask = 2147483647;
			files = (
			);
			runOnlyForDeploymentPostprocessing = 0;
		};
/* End PBXFrameworksBuildPhase section */

/* Begin PBXGroup section */
		AE4ABA961D6978FA0079E6F8 = {
			isa = PBXGroup;
			children = (
				AE4ABAA11D6978FA0079E6F8 /* How many fingers */,
				AE4ABAB61D6978FA0079E6F8 /* How many fingersTests */,
				AE4ABAC11D6978FA0079E6F8 /* How many fingersUITests */,
				AE4ABAA01D6978FA0079E6F8 /* Products */,
			);
			sourceTree = "<group>";
		};
		AE4ABAA01D6978FA0079E6F8 /* Products */ = {
			isa = PBXGroup;
			children = (
				AE4ABA9F1D6978FA0079E6F8 /* How many fingers.app */,
				AE4ABAB31D6978FA0079E6F8 /* How many fingersTests.xctest */,
				AE4ABABE1D6978FA0079E6F8 /* How many fingersUITests.xctest */,
			);
			name = Products;
			sourceTree = "<group>";
		};
		AE4ABAA11D6978FA0079E6F8 /* How many fingers */ = {
			isa = PBXGroup;
			children = (
				AE4ABAA21D6978FA0079E6F8 /* AppDelegate.swift */,
				AE4ABAA41D6978FA0079E6F8 /* ViewController.swift */,
				AE4ABAA61D6978FA0079E6F8 /* Main.storyboard */,
				AE4ABAA91D6978FA0079E6F8 /* Assets.xcassets */,
				AE94CA951D697C1A00DC3529 /* finger.jpg */,
				AE4ABAAB1D6978FA0079E6F8 /* LaunchScreen.storyboard */,
				AE4ABAAE1D6978FA0079E6F8 /* Info.plist */,
			);
			path = "How many fingers";
			sourceTree = "<group>";
		};
		AE4ABAB61D6978FA0079E6F8 /* How many fingersTests */ = {
			isa = PBXGroup;
			children = (
				AE4ABAB71D6978FA0079E6F8 /* How_many_fingersTests.swift */,
				AE4ABAB91D6978FA0079E6F8 /* Info.plist */,
			);
			path = "How many fingersTests";
			sourceTree = "<group>";
		};
		AE4ABAC11D6978FA0079E6F8 /* How many fingersUITests */ = {
			isa = PBXGroup;
			children = (
				AE4ABAC21D6978FA0079E6F8 /* How_many_fingersUITests.swift */,
				AE4ABAC41D6978FA0079E6F8 /* Info.plist */,
			);
			path = "How many fingersUITests";
			sourceTree = "<group>";
		};
/* End PBXGroup section */

/* Begin PBXNativeTarget section */
		AE4ABA9E1D6978FA0079E6F8 /* How many fingers */ = {
			isa = PBXNativeTarget;
			buildConfigurationList = AE4ABAC71D6978FA0079E6F8 /* Build configuration list for PBXNativeTarget "How many fingers" */;
			buildPhases = (
				AE4ABA9B1D6978FA0079E6F8 /* Sources */,
				AE4ABA9C1D6978FA0079E6F8 /* Frameworks */,
				AE4ABA9D1D6978FA0079E6F8 /* Resources */,
			);
			buildRules = (
			);
			dependencies = (
			);
			name = "How many fingers";
			productName = "How many fingers";
			productReference = AE4ABA9F1D6978FA0079E6F8 /* How many fingers.app */;
			productType = "com.apple.product-type.application";
		};
		AE4ABAB21D6978FA0079E6F8 /* How many fingersTests */ = {
			isa = PBXNativeTarget;
			buildConfigurationList = AE4ABACA1D6978FA0079E6F8 /* Build configuration list for PBXNativeTarget "How many fingersTests" */;
			buildPhases = (
				AE4ABAAF1D6978FA0079E6F8 /* Sources */,
				AE4ABAB01D6978FA0079E6F8 /* Frameworks */,
				AE4ABAB11D6978FA0079E6F8 /* Resources */,
			);
			buildRules = (
			);
			dependencies = (
				AE4ABAB51D6978FA0079E6F8 /* PBXTargetDependency */,
			);
			name = "How many fingersTests";
			productName = "How many fingersTests";
			productReference = AE4ABAB31D6978FA0079E6F8 /* How many fingersTests.xctest */;
			productType = "com.apple.product-type.bundle.unit-test";
		};
		AE4ABABD1D6978FA0079E6F8 /* How many fingersUITests */ = {
			isa = PBXNativeTarget;
			buildConfigurationList = AE4ABACD1D6978FA0079E6F8 /* Build configuration list for PBXNativeTarget "How many fingersUITests" */;
			buildPhases = (
				AE4ABABA1D6978FA0079E6F8 /* Sources */,
				AE4ABABB1D6978FA0079E6F8 /* Frameworks */,
				AE4ABABC1D6978FA0079E6F8 /* Resources */,
			);
			buildRules = (
			);
			dependencies = (
				AE4ABAC01D6978FA0079E6F8 /* PBXTargetDependency */,
			);
			name = "How many fingersUITests";
			productName = "How many fingersUITests";
			productReference = AE4ABABE1D6978FA0079E6F8 /* How many fingersUITests.xctest */;
			productType = "com.apple.product-type.bundle.ui-testing";
		};
/* End PBXNativeTarget section */

/* Begin PBXProject section */
		AE4ABA971D6978FA0079E6F8 /* Project object */ = {
			isa = PBXProject;
			attributes = {
				LastSwiftUpdateCheck = 0720;
				LastUpgradeCheck = 0720;
				ORGANIZATIONNAME = "遠藤拓弥\b";
				TargetAttributes = {
					AE4ABA9E1D6978FA0079E6F8 = {
						CreatedOnToolsVersion = 7.2.1;
						DevelopmentTeam = 4YZQY4C47E;
					};
					AE4ABAB21D6978FA0079E6F8 = {
						CreatedOnToolsVersion = 7.2.1;
						DevelopmentTeam = 4YZQY4C47E;
						TestTargetID = AE4ABA9E1D6978FA0079E6F8;
					};
					AE4ABABD1D6978FA0079E6F8 = {
						CreatedOnToolsVersion = 7.2.1;
						DevelopmentTeam = 4YZQY4C47E;
						TestTargetID = AE4ABA9E1D6978FA0079E6F8;
					};
				};
			};
			buildConfigurationList = AE4ABA9A1D6978FA0079E6F8 /* Build configuration list for PBXProject "How many fingers" */;
			compatibilityVersion = "Xcode 3.2";
			developmentRegion = English;
			hasScannedForEncodings = 0;
			knownRegions = (
				en,
				Base,
			);
			mainGroup = AE4ABA961D6978FA0079E6F8;
			productRefGroup = AE4ABAA01D6978FA0079E6F8 /* Products */;
			projectDirPath = "";
			projectRoot = "";
			targets = (
				AE4ABA9E1D6978FA0079E6F8 /* How many fingers */,
				AE4ABAB21D6978FA0079E6F8 /* How many fingersTests */,
				AE4ABABD1D6978FA0079E6F8 /* How many fingersUITests */,
			);
		};
/* End PBXProject section */

/* Begin PBXResourcesBuildPhase section */
		AE4ABA9D1D6978FA0079E6F8 /* Resources */ = {
			isa = PBXResourcesBuildPhase;
			buildActionMask = 2147483647;
			files = (
				AE94CA961D697C1A00DC3529 /* finger.jpg in Resources */,
				AE4ABAAD1D6978FA0079E6F8 /* LaunchScreen.storyboard in Resources */,
				AE4ABAAA1D6978FA0079E6F8 /* Assets.xcassets in Resources */,
				AE4ABAA81D6978FA0079E6F8 /* Main.storyboard in Resources */,
			);
			runOnlyForDeploymentPostprocessing = 0;
		};
		AE4ABAB11D6978FA0079E6F8 /* Resources */ = {
			isa = PBXResourcesBuildPhase;
			buildActionMask = 2147483647;
			files = (
			);
			runOnlyForDeploymentPostprocessing = 0;
		};
		AE4ABABC1D6978FA0079E6F8 /* Resources */ = {
			isa = PBXResourcesBuildPhase;
			buildActionMask = 2147483647;
			files = (
			);
			runOnlyForDeploymentPostprocessing = 0;
		};
/* End PBXResourcesBuildPhase section */

/* Begin PBXSourcesBuildPhase section */
		AE4ABA9B1D6978FA0079E6F8 /* Sources */ = {
			isa = PBXSourcesBuildPhase;
			buildActionMask = 2147483647;
			files = (
				AE4ABAA51D6978FA0079E6F8 /* ViewController.swift in Sources */,
				AE4ABAA31D6978FA0079E6F8 /* AppDelegate.swift in Sources */,
			);
			runOnlyForDeploymentPostprocessing = 0;
		};
		AE4ABAAF1D6978FA0079E6F8 /* Sources */ = {
			isa = PBXSourcesBuildPhase;
			buildActionMask = 2147483647;
			files = (
				AE4ABAB81D6978FA0079E6F8 /* How_many_fingersTests.swift in Sources */,
			);
			runOnlyForDeploymentPostprocessing = 0;
		};
		AE4ABABA1D6978FA0079E6F8 /* Sources */ = {
			isa = PBXSourcesBuildPhase;
			buildActionMask = 2147483647;
			files = (
				AE4ABAC31D6978FA0079E6F8 /* How_many_fingersUITests.swift in Sources */,
			);
			runOnlyForDeploymentPostprocessing = 0;
		};
/* End PBXSourcesBuildPhase section */

/* Begin PBXTargetDependency section */
		AE4ABAB51D6978FA0079E6F8 /* PBXTargetDependency */ = {
			isa = PBXTargetDependency;
			target = AE4ABA9E1D6978FA0079E6F8 /* How many fingers */;
			targetProxy = AE4ABAB41D6978FA0079E6F8 /* PBXContainerItemProxy */;
		};
		AE4ABAC01D6978FA0079E6F8 /* PBXTargetDependency */ = {
			isa = PBXTargetDependency;
			target = AE4ABA9E1D6978FA0079E6F8 /* How many fingers */;
			targetProxy = AE4ABABF1D6978FA0079E6F8 /* PBXContainerItemProxy */;
		};
/* End PBXTargetDependency section */

/* Begin PBXVariantGroup section */
		AE4ABAA61D6978FA0079E6F8 /* Main.storyboard */ = {
			isa = PBXVariantGroup;
			children = (
				AE4ABAA71D6978FA0079E6F8 /* Base */,
			);
			name = Main.storyboard;
			sourceTree = "<group>";
		};
		AE4ABAAB1D6978FA0079E6F8 /* LaunchScreen.storyboard */ = {
			isa = PBXVariantGroup;
			children = (
				AE4ABAAC1D6978FA0079E6F8 /* Base */,
			);
			name = LaunchScreen.storyboard;
			sourceTree = "<group>";
		};
/* End PBXVariantGroup section */

/* Begin XCBuildConfiguration section */
		AE4ABAC51D6978FA0079E6F8 /* Debug */ = {
			isa = XCBuildConfiguration;
			buildSettings = {
				ALWAYS_SEARCH_USER_PATHS = NO;
				CLANG_CXX_LANGUAGE_STANDARD = "gnu++0x";
				CLANG_CXX_LIBRARY = "libc++";
				CLANG_ENABLE_MODULES = YES;
				CLANG_ENABLE_OBJC_ARC = YES;
				CLANG_WARN_BOOL_CONVERSION = YES;
				CLANG_WARN_CONSTANT_CONVERSION = YES;
				CLANG_WARN_DIRECT_OBJC_ISA_USAGE = YES_ERROR;
				CLANG_WARN_EMPTY_BODY = YES;
				CLANG_WARN_ENUM_CONVERSION = YES;
				CLANG_WARN_INT_CONVERSION = YES;
				CLANG_WARN_OBJC_ROOT_CLASS = YES_ERROR;
				CLANG_WARN_UNREACHABLE_CODE = YES;
				CLANG_WARN__DUPLICATE_METHOD_MATCH = YES;
				"CODE_SIGN_IDENTITY[sdk=iphoneos*]" = "iPhone Developer";
				COPY_PHASE_STRIP = NO;
				DEBUG_INFORMATION_FORMAT = dwarf;
				ENABLE_STRICT_OBJC_MSGSEND = YES;
				ENABLE_TESTABILITY = YES;
				GCC_C_LANGUAGE_STANDARD = gnu99;
				GCC_DYNAMIC_NO_PIC = NO;
				GCC_NO_COMMON_BLOCKS = YES;
				GCC_OPTIMIZATION_LEVEL = 0;
				GCC_PREPROCESSOR_DEFINITIONS = (
					"DEBUG=1",
					"$(inherited)",
				);
				GCC_WARN_64_TO_32_BIT_CONVERSION = YES;
				GCC_WARN_ABOUT_RETURN_TYPE = YES_ERROR;
				GCC_WARN_UNDECLARED_SELECTOR = YES;
				GCC_WARN_UNINITIALIZED_AUTOS = YES_AGGRESSIVE;
				GCC_WARN_UNUSED_FUNCTION = YES;
				GCC_WARN_UNUSED_VARIABLE = YES;
				IPHONEOS_DEPLOYMENT_TARGET = 9.2;
				MTL_ENABLE_DEBUG_INFO = YES;
				ONLY_ACTIVE_ARCH = YES;
				SDKROOT = iphoneos;
				SWIFT_OPTIMIZATION_LEVEL = "-Onone";
				TARGETED_DEVICE_FAMILY = "1,2";
			};
			name = Debug;
		};
		AE4ABAC61D6978FA0079E6F8 /* Release */ = {
			isa = XCBuildConfiguration;
			buildSettings = {
				ALWAYS_SEARCH_USER_PATHS = NO;
				CLANG_CXX_LANGUAGE_STANDARD = "gnu++0x";
				CLANG_CXX_LIBRARY = "libc++";
				CLANG_ENABLE_MODULES = YES;
				CLANG_ENABLE_OBJC_ARC = YES;
				CLANG_WARN_BOOL_CONVERSION = YES;
				CLANG_WARN_CONSTANT_CONVERSION = YES;
				CLANG_WARN_DIRECT_OBJC_ISA_USAGE = YES_ERROR;
				CLANG_WARN_EMPTY_BODY = YES;
				CLANG_WARN_ENUM_CONVERSION = YES;
				CLANG_WARN_INT_CONVERSION = YES;
				CLANG_WARN_OBJC_ROOT_CLASS = YES_ERROR;
				CLANG_WARN_UNREACHABLE_CODE = YES;
				CLANG_WARN__DUPLICATE_METHOD_MATCH = YES;
				"CODE_SIGN_IDENTITY[sdk=iphoneos*]" = "iPhone Developer";
				COPY_PHASE_STRIP = NO;
				DEBUG_INFORMATION_FORMAT = "dwarf-with-dsym";
				ENABLE_NS_ASSERTIONS = NO;
				ENABLE_STRICT_OBJC_MSGSEND = YES;
				GCC_C_LANGUAGE_STANDARD = gnu99;
				GCC_NO_COMMON_BLOCKS = YES;
				GCC_WARN_64_TO_32_BIT_CONVERSION = YES;
				GCC_WARN_ABOUT_RETURN_TYPE = YES_ERROR;
				GCC_WARN_UNDECLARED_SELECTOR = YES;
				GCC_WARN_UNINITIALIZED_AUTOS = YES_AGGRESSIVE;
				GCC_WARN_UNUSED_FUNCTION = YES;
				GCC_WARN_UNUSED_VARIABLE = YES;
				IPHONEOS_DEPLOYMENT_TARGET = 9.2;
				MTL_ENABLE_DEBUG_INFO = NO;
				SDKROOT = iphoneos;
				TARGETED_DEVICE_FAMILY = "1,2";
				VALIDATE_PRODUCT = YES;
			};
			name = Release;
		};
		AE4ABAC81D6978FA0079E6F8 /* Debug */ = {
			isa = XCBuildConfiguration;
			buildSettings = {
				ASSETCATALOG_COMPILER_APPICON_NAME = AppIcon;
				INFOPLIST_FILE = "How many fingers/Info.plist";
				LD_RUNPATH_SEARCH_PATHS = "$(inherited) @executable_path/Frameworks";
				PRODUCT_BUNDLE_IDENTIFIER = test.How.many.fingers;
				PRODUCT_NAME = "$(TARGET_NAME)";
			};
			name = Debug;
		};
		AE4ABAC91D6978FA0079E6F8 /* Release */ = {
			isa = XCBuildConfiguration;
			buildSettings = {
				ASSETCATALOG_COMPILER_APPICON_NAME = AppIcon;
				INFOPLIST_FILE = "How many fingers/Info.plist";
				LD_RUNPATH_SEARCH_PATHS = "$(inherited) @executable_path/Frameworks";
				PRODUCT_BUNDLE_IDENTIFIER = test.How.many.fingers;
				PRODUCT_NAME = "$(TARGET_NAME)";
			};
			name = Release;
		};
		AE4ABACB1D6978FA0079E6F8 /* Debug */ = {
			isa = XCBuildConfiguration;
			buildSettings = {
				BUNDLE_LOADER = "$(TEST_HOST)";
				INFOPLIST_FILE = "How many fingersTests/Info.plist";
				LD_RUNPATH_SEARCH_PATHS = "$(inherited) @executable_path/Frameworks @loader_path/Frameworks";
				PRODUCT_BUNDLE_IDENTIFIER = "test.How-many-fingersTests";
				PRODUCT_NAME = "$(TARGET_NAME)";
				TEST_HOST = "$(BUILT_PRODUCTS_DIR)/How many fingers.app/How many fingers";
			};
			name = Debug;
		};
		AE4ABACC1D6978FA0079E6F8 /* Release */ = {
			isa = XCBuildConfiguration;
			buildSettings = {
				BUNDLE_LOADER = "$(TEST_HOST)";
				INFOPLIST_FILE = "How many fingersTests/Info.plist";
				LD_RUNPATH_SEARCH_PATHS = "$(inherited) @executable_path/Frameworks @loader_path/Frameworks";
				PRODUCT_BUNDLE_IDENTIFIER = "test.How-many-fingersTests";
				PRODUCT_NAME = "$(TARGET_NAME)";
				TEST_HOST = "$(BUILT_PRODUCTS_DIR)/How many fingers.app/How many fingers";
			};
			name = Release;
		};
		AE4ABACE1D6978FA0079E6F8 /* Debug */ = {
			isa = XCBuildConfiguration;
			buildSettings = {
				INFOPLIST_FILE = "How many fingersUITests/Info.plist";
				LD_RUNPATH_SEARCH_PATHS = "$(inherited) @executable_path/Frameworks @loader_path/Frameworks";
				PRODUCT_BUNDLE_IDENTIFIER = "test.How-many-fingersUITests";
				PRODUCT_NAME = "$(TARGET_NAME)";
				TEST_TARGET_NAME = "How many fingers";
				USES_XCTRUNNER = YES;
			};
			name = Debug;
		};
		AE4ABACF1D6978FA0079E6F8 /* Release */ = {
			isa = XCBuildConfiguration;
			buildSettings = {
				INFOPLIST_FILE = "How many fingersUITests/Info.plist";
				LD_RUNPATH_SEARCH_PATHS = "$(inherited) @executable_path/Frameworks @loader_path/Frameworks";
				PRODUCT_BUNDLE_IDENTIFIER = "test.How-many-fingersUITests";
				PRODUCT_NAME = "$(TARGET_NAME)";
				TEST_TARGET_NAME = "How many fingers";
				USES_XCTRUNNER = YES;
			};
			name = Release;
		};
/* End XCBuildConfiguration section */

/* Begin XCConfigurationList section */
		AE4ABA9A1D6978FA0079E6F8 /* Build configuration list for PBXProject "How many fingers" */ = {
			isa = XCConfigurationList;
			buildConfigurations = (
				AE4ABAC51D6978FA0079E6F8 /* Debug */,
				AE4ABAC61D6978FA0079E6F8 /* Release */,
			);
			defaultConfigurationIsVisible = 0;
			defaultConfigurationName = Release;
		};
		AE4ABAC71D6978FA0079E6F8 /* Build configuration list for PBXNativeTarget "How many fingers" */ = {
			isa = XCConfigurationList;
			buildConfigurations = (
				AE4ABAC81D6978FA0079E6F8 /* Debug */,
				AE4ABAC91D6978FA0079E6F8 /* Release */,
			);
			defaultConfigurationIsVisible = 0;
			defaultConfigurationName = Release;
		};
		AE4ABACA1D6978FA0079E6F8 /* Build configuration list for PBXNativeTarget "How many fingersTests" */ = {
			isa = XCConfigurationList;
			buildConfigurations = (
				AE4ABACB1D6978FA0079E6F8 /* Debug */,
				AE4ABACC1D6978FA0079E6F8 /* Release */,
			);
			defaultConfigurationIsVisible = 0;
			defaultConfigurationName = Release;
		};
		AE4ABACD1D6978FA0079E6F8 /* Build configuration list for PBXNativeTarget "How many fingersUITests" */ = {
			isa = XCConfigurationList;
			buildConfigurations = (
				AE4ABACE1D6978FA0079E6F8 /* Debug */,
				AE4ABACF1D6978FA0079E6F8 /* Release */,
			);
			defaultConfigurationIsVisible = 0;
			defaultConfigurationName = Release;
		};
/* End XCConfigurationList section */
	};
	rootObject = AE4ABA971D6978FA0079E6F8 /* Project object */;
}
